
Microsoft Visual Studio Solution File, Format Version 12.00
# Visual Studio Version 17
VisualStudioVersion = 17.12.35707.178 d17.12
MinimumVisualStudioVersion = 10.0.40219.1
Project("{FAE04EC0-301F-11D3-BF4B-00C04F79EFBC}") = "LegionHubApi.Infra.Data", "LegionHubApi.Infra.Data\LegionHubApi.Infra.Data.csproj", "{60ADB1C3-0AFE-4812-804B-8741374A2279}"
	ProjectSection(ProjectDependencies) = postProject
		{07E2D0B3-1DEC-47F7-8246-F40E1372A5A7} = {07E2D0B3-1DEC-47F7-8246-F40E1372A5A7}
	EndProjectSection
EndProject
Project("{FAE04EC0-301F-11D3-BF4B-00C04F79EFBC}") = "LegionHubApi.Domain", "LegionHubApi.Domain\LegionHubApi.Domain.csproj", "{07E2D0B3-1DEC-47F7-8246-F40E1372A5A7}"
EndProject
Project("{FAE04EC0-301F-11D3-BF4B-00C04F79EFBC}") = "LegionHubApi.Service", "LegionHubApi.Service\LegionHubApi.Service.csproj", "{1D1623D3-083B-4ECE-A8DB-4032AEE3B69A}"
	ProjectSection(ProjectDependencies) = postProject
		{07E2D0B3-1DEC-47F7-8246-F40E1372A5A7} = {07E2D0B3-1DEC-47F7-8246-F40E1372A5A7}
		{60ADB1C3-0AFE-4812-804B-8741374A2279} = {60ADB1C3-0AFE-4812-804B-8741374A2279}
	EndProjectSection
EndProject
Project("{FAE04EC0-301F-11D3-BF4B-00C04F79EFBC}") = "LegionHubApi.Application", "LegionHubApi.Application\LegionHubApi.Application.csproj", "{D2E9E116-E961-4C61-9A6D-EC0C8DDA8899}"
	ProjectSection(ProjectDependencies) = postProject
		{07E2D0B3-1DEC-47F7-8246-F40E1372A5A7} = {07E2D0B3-1DEC-47F7-8246-F40E1372A5A7}
		{1D1623D3-083B-4ECE-A8DB-4032AEE3B69A} = {1D1623D3-083B-4ECE-A8DB-4032AEE3B69A}
	EndProjectSection
EndProject
Global
	GlobalSection(SolutionConfigurationPlatforms) = preSolution
		Debug|Any CPU = Debug|Any CPU
		Release|Any CPU = Release|Any CPU
	EndGlobalSection
	GlobalSection(ProjectConfigurationPlatforms) = postSolution
		{60ADB1C3-0AFE-4812-804B-8741374A2279}.Debug|Any CPU.ActiveCfg = Debug|Any CPU
		{60ADB1C3-0AFE-4812-804B-8741374A2279}.Debug|Any CPU.Build.0 = Debug|Any CPU
		{60ADB1C3-0AFE-4812-804B-8741374A2279}.Release|Any CPU.ActiveCfg = Release|Any CPU
		{60ADB1C3-0AFE-4812-804B-8741374A2279}.Release|Any CPU.Build.0 = Release|Any CPU
		{07E2D0B3-1DEC-47F7-8246-F40E1372A5A7}.Debug|Any CPU.ActiveCfg = Debug|Any CPU
		{07E2D0B3-1DEC-47F7-8246-F40E1372A5A7}.Debug|Any CPU.Build.0 = Debug|Any CPU
		{07E2D0B3-1DEC-47F7-8246-F40E1372A5A7}.Release|Any CPU.ActiveCfg = Release|Any CPU
		{07E2D0B3-1DEC-47F7-8246-F40E1372A5A7}.Release|Any CPU.Build.0 = Release|Any CPU
		{1D1623D3-083B-4ECE-A8DB-4032AEE3B69A}.Debug|Any CPU.ActiveCfg = Debug|Any CPU
		{1D1623D3-083B-4ECE-A8DB-4032AEE3B69A}.Debug|Any CPU.Build.0 = Debug|Any CPU
		{1D1623D3-083B-4ECE-A8DB-4032AEE3B69A}.Release|Any CPU.ActiveCfg = Release|Any CPU
		{1D1623D3-083B-4ECE-A8DB-4032AEE3B69A}.Release|Any CPU.Build.0 = Release|Any CPU
		{D2E9E116-E961-4C61-9A6D-EC0C8DDA8899}.Debug|Any CPU.ActiveCfg = Debug|Any CPU
		{D2E9E116-E961-4C61-9A6D-EC0C8DDA8899}.Debug|Any CPU.Build.0 = Debug|Any CPU
		{D2E9E116-E961-4C61-9A6D-EC0C8DDA8899}.Release|Any CPU.ActiveCfg = Release|Any CPU
		{D2E9E116-E961-4C61-9A6D-EC0C8DDA8899}.Release|Any CPU.Build.0 = Release|Any CPU
	EndGlobalSection
	GlobalSection(SolutionProperties) = preSolution
		HideSolutionNode = FALSE
	EndGlobalSection
EndGlobal
